
Microsoft Visual Studio Solution File, Format Version 12.00
# Visual Studio Version 17
VisualStudioVersion = 17.8.34525.116
MinimumVisualStudioVersion = 10.0.40219.1
Project("{9A19103F-16F7-4668-BE54-9A1E7A4F7556}") = "Presentation", "Yatzy\Presentation.csproj", "{11FE99F0-2150-4607-87D3-F6B041A9BF45}"
EndProject
Project("{9A19103F-16F7-4668-BE54-9A1E7A4F7556}") = "Application", "Application\Application.csproj", "{BD448BA6-F764-42B3-A57F-DF7988AD6B1C}"
EndProject
Project("{2150E333-8FDC-42A3-9474-1A3956D46DE8}") = "1. Presentation", "1. Presentation", "{89C6FFE0-E69A-4BBF-87F5-C1F261F391CF}"
EndProject
Project("{2150E333-8FDC-42A3-9474-1A3956D46DE8}") = "2. Application", "2. Application", "{4D46F6F7-1C62-4877-B104-72F065864BA8}"
EndProject
Project("{2150E333-8FDC-42A3-9474-1A3956D46DE8}") = "3. Test", "3. Test", "{28D9EF32-CAF9-4DEC-95EC-747F764BD0B5}"
EndProject
Project("{FAE04EC0-301F-11D3-BF4B-00C04F79EFBC}") = "Test", "Test\Test.csproj", "{8C93C30C-CC08-471B-A2E8-B9576E36D73E}"
	ProjectSection(ProjectDependencies) = postProject
		{BD448BA6-F764-42B3-A57F-DF7988AD6B1C} = {BD448BA6-F764-42B3-A57F-DF7988AD6B1C}
	EndProjectSection
EndProject
Global
	GlobalSection(SolutionConfigurationPlatforms) = preSolution
		Debug|Any CPU = Debug|Any CPU
		Release|Any CPU = Release|Any CPU
	EndGlobalSection
	GlobalSection(ProjectConfigurationPlatforms) = postSolution
		{11FE99F0-2150-4607-87D3-F6B041A9BF45}.Debug|Any CPU.ActiveCfg = Debug|Any CPU
		{11FE99F0-2150-4607-87D3-F6B041A9BF45}.Debug|Any CPU.Build.0 = Debug|Any CPU
		{11FE99F0-2150-4607-87D3-F6B041A9BF45}.Release|Any CPU.ActiveCfg = Release|Any CPU
		{11FE99F0-2150-4607-87D3-F6B041A9BF45}.Release|Any CPU.Build.0 = Release|Any CPU
		{BD448BA6-F764-42B3-A57F-DF7988AD6B1C}.Debug|Any CPU.ActiveCfg = Debug|Any CPU
		{BD448BA6-F764-42B3-A57F-DF7988AD6B1C}.Debug|Any CPU.Build.0 = Debug|Any CPU
		{BD448BA6-F764-42B3-A57F-DF7988AD6B1C}.Release|Any CPU.ActiveCfg = Release|Any CPU
		{BD448BA6-F764-42B3-A57F-DF7988AD6B1C}.Release|Any CPU.Build.0 = Release|Any CPU
		{8C93C30C-CC08-471B-A2E8-B9576E36D73E}.Debug|Any CPU.ActiveCfg = Debug|Any CPU
		{8C93C30C-CC08-471B-A2E8-B9576E36D73E}.Debug|Any CPU.Build.0 = Debug|Any CPU
		{8C93C30C-CC08-471B-A2E8-B9576E36D73E}.Release|Any CPU.ActiveCfg = Release|Any CPU
		{8C93C30C-CC08-471B-A2E8-B9576E36D73E}.Release|Any CPU.Build.0 = Release|Any CPU
	EndGlobalSection
	GlobalSection(SolutionProperties) = preSolution
		HideSolutionNode = FALSE
	EndGlobalSection
	GlobalSection(NestedProjects) = preSolution
		{11FE99F0-2150-4607-87D3-F6B041A9BF45} = {89C6FFE0-E69A-4BBF-87F5-C1F261F391CF}
		{BD448BA6-F764-42B3-A57F-DF7988AD6B1C} = {4D46F6F7-1C62-4877-B104-72F065864BA8}
	EndGlobalSection
	GlobalSection(ExtensibilityGlobals) = postSolution
		SolutionGuid = {96B5361F-D6D2-4A64-AEDB-90F93260C7FE}
	EndGlobalSection
EndGlobal
